
Microsoft Visual Studio Solution File, Format Version 12.00
# Visual Studio Version 17
VisualStudioVersion = 17.3.32922.545
MinimumVisualStudioVersion = 10.0.40219.1
Project("{FAE04EC0-301F-11D3-BF4B-00C04F79EFBC}") = "AssetManagementSample", "src\AssetManagementSample.csproj", "{CEE89D0F-50A2-4ADE-9201-C857C67407DF}"
EndProject
Global
	GlobalSection(SolutionConfigurationPlatforms) = preSolution
		Debug|Any CPU = Debug|Any CPU
		Release|Any CPU = Release|Any CPU
	EndGlobalSection
	GlobalSection(ProjectConfigurationPlatforms) = postSolution
		{CEE89D0F-50A2-4ADE-9201-C857C67407DF}.Debug|Any CPU.ActiveCfg = Debug|Any CPU
		{CEE89D0F-50A2-4ADE-9201-C857C67407DF}.Debug|Any CPU.Build.0 = Debug|Any CPU
		{CEE89D0F-50A2-4ADE-9201-C857C67407DF}.Release|Any CPU.ActiveCfg = Release|Any CPU
		{CEE89D0F-50A2-4ADE-9201-C857C67407DF}.Release|Any CPU.Build.0 = Release|Any CPU
	EndGlobalSection
	GlobalSection(SolutionProperties) = preSolution
		HideSolutionNode = FALSE
	EndGlobalSection
	GlobalSection(ExtensibilityGlobals) = postSolution
		SolutionGuid = {63AB9A32-DC2A-4B7E-9D9E-166CC8148F6F}
	EndGlobalSection
EndGlobal
